
Microsoft Visual Studio Solution File, Format Version 12.00
Project("{2150E333-8FDC-42A3-9474-1A3956D46DE8}") = "src", "src", "{9C280B71-E140-457B-B9F2-210EA20135EF}"
EndProject
Project("{2150E333-8FDC-42A3-9474-1A3956D46DE8}") = "test", "test", "{0C259FF1-3884-479F-8BFE-493E917C361A}"
EndProject
Project("{FAE04EC0-301F-11D3-BF4B-00C04F79EFBC}") = "Lensophy", "src\Lensophy\Lensophy.csproj", "{86A5754B-A5CA-4AAB-A4ED-7DB032E3D109}"
EndProject
Project("{FAE04EC0-301F-11D3-BF4B-00C04F79EFBC}") = "Lensophy.IntegrationTest", "test\Lensophy.IntegrationTest\Lensophy.IntegrationTest.csproj", "{C00F51A2-F76F-4E24-9229-A86D1FC70C2A}"
EndProject
Project("{FAE04EC0-301F-11D3-BF4B-00C04F79EFBC}") = "Lensophy.UnitTest", "test\Lensophy.UnitTest\Lensophy.UnitTest.csproj", "{6C444531-2B85-4484-80D8-4906AFF6DFA8}"
EndProject
Project("{FAE04EC0-301F-11D3-BF4B-00C04F79EFBC}") = "Lensophy.Benchmark", "src\Lensophy.Benchmark\Lensophy.Benchmark.csproj", "{A5970E02-878A-4929-BF60-C9F6E6A1B6EE}"
EndProject
Project("{FAE04EC0-301F-11D3-BF4B-00C04F79EFBC}") = "Lensophy.ExampleApi", "src\Lensophy.ExampleApi\Lensophy.ExampleApi.csproj", "{857E9E2C-156D-42F7-BA0E-F3E0ABE36C55}"
EndProject
Project("{2150E333-8FDC-42A3-9474-1A3956D46DE8}") = "doc", "doc", "{C422807F-A255-4E89-A76D-AB9EB3D8C1A9}"
	ProjectSection(SolutionItems) = preProject
		doc\docfx.json = doc\docfx.json
		doc\_site\api\index.html = doc\_site\api\index.html
		doc\_site\api\Lensophy.Benchmark.html = doc\_site\api\Lensophy.Benchmark.html
		doc\_site\api\Lensophy.Benchmark.JsonSerializerBenchmark.html = doc\_site\api\Lensophy.Benchmark.JsonSerializerBenchmark.html
		doc\_site\api\Lensophy.Dto.ContentAnalyse.html = doc\_site\api\Lensophy.Dto.ContentAnalyse.html
		doc\_site\api\Lensophy.Dto.ContentAnalysed.html = doc\_site\api\Lensophy.Dto.ContentAnalysed.html
		doc\_site\api\Lensophy.Dto.html = doc\_site\api\Lensophy.Dto.html
		doc\_site\api\Lensophy.Dto.OpenAi.CompletionChatMessage.html = doc\_site\api\Lensophy.Dto.OpenAi.CompletionChatMessage.html
		doc\_site\api\Lensophy.Dto.OpenAi.CompletionChatRequest.html = doc\_site\api\Lensophy.Dto.OpenAi.CompletionChatRequest.html
		doc\_site\api\Lensophy.Dto.OpenAi.html = doc\_site\api\Lensophy.Dto.OpenAi.html
		doc\_site\api\Lensophy.Dto.OpenAi.OpenAiConfig.html = doc\_site\api\Lensophy.Dto.OpenAi.OpenAiConfig.html
		doc\_site\api\Lensophy.ExampleApi.Controllers.html = doc\_site\api\Lensophy.ExampleApi.Controllers.html
		doc\_site\api\Lensophy.ExampleApi.Controllers.SampleController.html = doc\_site\api\Lensophy.ExampleApi.Controllers.SampleController.html
		doc\_site\api\Lensophy.Extension.ContentAnalyseExtension.html = doc\_site\api\Lensophy.Extension.ContentAnalyseExtension.html
		doc\_site\api\Lensophy.Extension.EnumExtension.html = doc\_site\api\Lensophy.Extension.EnumExtension.html
		doc\_site\api\Lensophy.Extension.html = doc\_site\api\Lensophy.Extension.html
		doc\_site\api\Lensophy.Extension.ServiceCollectionExtension.html = doc\_site\api\Lensophy.Extension.ServiceCollectionExtension.html
		doc\_site\api\Lensophy.html = doc\_site\api\Lensophy.html
		doc\_site\api\Lensophy.LensophyService.html = doc\_site\api\Lensophy.LensophyService.html
		doc\_site\api\Lensophy.Resource.html = doc\_site\api\Lensophy.Resource.html
		doc\_site\api\Lensophy.Resource.Shared.html = doc\_site\api\Lensophy.Resource.Shared.html
		doc\_site\api\toc.html = doc\_site\api\toc.html
		doc\_site\api\toc.json = doc\_site\api\toc.json
		doc\_site\articles\intro.html = doc\_site\articles\intro.html
		doc\_site\articles\toc.html = doc\_site\articles\toc.html
		doc\_site\articles\toc.json = doc\_site\articles\toc.json
		doc\_site\favicon.ico = doc\_site\favicon.ico
		doc\_site\index.html = doc\_site\index.html
		doc\_site\logo.svg = doc\_site\logo.svg
		doc\_site\manifest.json = doc\_site\manifest.json
		doc\_site\public\bootstrap-icons-6QOYJHKE.woff2 = doc\_site\public\bootstrap-icons-6QOYJHKE.woff2
		doc\_site\public\bootstrap-icons-JHE3QUSN.woff = doc\_site\public\bootstrap-icons-JHE3QUSN.woff
		doc\_site\public\c4Diagram-c0b17d02-ZBCGQ7YY.min.js = doc\_site\public\c4Diagram-c0b17d02-ZBCGQ7YY.min.js
		doc\_site\public\c4Diagram-c0b17d02-ZBCGQ7YY.min.js.map = doc\_site\public\c4Diagram-c0b17d02-ZBCGQ7YY.min.js.map
		doc\_site\public\chunk-2JU6FAUR.min.js = doc\_site\public\chunk-2JU6FAUR.min.js
		doc\_site\public\chunk-2JU6FAUR.min.js.map = doc\_site\public\chunk-2JU6FAUR.min.js.map
		doc\_site\public\chunk-6WVHDLRC.min.js = doc\_site\public\chunk-6WVHDLRC.min.js
		doc\_site\public\chunk-6WVHDLRC.min.js.map = doc\_site\public\chunk-6WVHDLRC.min.js.map
		doc\_site\public\chunk-7DZIWMYU.min.js = doc\_site\public\chunk-7DZIWMYU.min.js
		doc\_site\public\chunk-7DZIWMYU.min.js.map = doc\_site\public\chunk-7DZIWMYU.min.js.map
		doc\_site\public\chunk-EOWJOLPV.min.js = doc\_site\public\chunk-EOWJOLPV.min.js
		doc\_site\public\chunk-EOWJOLPV.min.js.map = doc\_site\public\chunk-EOWJOLPV.min.js.map
		doc\_site\public\chunk-F5HZMA2O.min.js = doc\_site\public\chunk-F5HZMA2O.min.js
		doc\_site\public\chunk-F5HZMA2O.min.js.map = doc\_site\public\chunk-F5HZMA2O.min.js.map
		doc\_site\public\chunk-IKQ2FLSE.min.js = doc\_site\public\chunk-IKQ2FLSE.min.js
		doc\_site\public\chunk-IKQ2FLSE.min.js.map = doc\_site\public\chunk-IKQ2FLSE.min.js.map
		doc\_site\public\chunk-JYTG7Z5H.min.js = doc\_site\public\chunk-JYTG7Z5H.min.js
		doc\_site\public\chunk-JYTG7Z5H.min.js.map = doc\_site\public\chunk-JYTG7Z5H.min.js.map
		doc\_site\public\chunk-N4KMO2SW.min.js = doc\_site\public\chunk-N4KMO2SW.min.js
		doc\_site\public\chunk-N4KMO2SW.min.js.map = doc\_site\public\chunk-N4KMO2SW.min.js.map
		doc\_site\public\chunk-P42HNYSU.min.js = doc\_site\public\chunk-P42HNYSU.min.js
		doc\_site\public\chunk-P42HNYSU.min.js.map = doc\_site\public\chunk-P42HNYSU.min.js.map
		doc\_site\public\chunk-PBNKOM7K.min.js = doc\_site\public\chunk-PBNKOM7K.min.js
		doc\_site\public\chunk-PBNKOM7K.min.js.map = doc\_site\public\chunk-PBNKOM7K.min.js.map
		doc\_site\public\chunk-Q6G2VLU2.min.js = doc\_site\public\chunk-Q6G2VLU2.min.js
		doc\_site\public\chunk-Q6G2VLU2.min.js.map = doc\_site\public\chunk-Q6G2VLU2.min.js.map
		doc\_site\public\chunk-TCQ7DWI4.min.js = doc\_site\public\chunk-TCQ7DWI4.min.js
		doc\_site\public\chunk-TCQ7DWI4.min.js.map = doc\_site\public\chunk-TCQ7DWI4.min.js.map
		doc\_site\public\chunk-ZGFNTTPV.min.js = doc\_site\public\chunk-ZGFNTTPV.min.js
		doc\_site\public\chunk-ZGFNTTPV.min.js.map = doc\_site\public\chunk-ZGFNTTPV.min.js.map
		doc\_site\public\classDiagram-a8cc8886-QMC5ATKO.min.js = doc\_site\public\classDiagram-a8cc8886-QMC5ATKO.min.js
		doc\_site\public\classDiagram-a8cc8886-QMC5ATKO.min.js.map = doc\_site\public\classDiagram-a8cc8886-QMC5ATKO.min.js.map
		doc\_site\public\classDiagram-v2-802a48d3-DVZMOQWE.min.js = doc\_site\public\classDiagram-v2-802a48d3-DVZMOQWE.min.js
		doc\_site\public\classDiagram-v2-802a48d3-DVZMOQWE.min.js.map = doc\_site\public\classDiagram-v2-802a48d3-DVZMOQWE.min.js.map
		doc\_site\public\docfx.min.css = doc\_site\public\docfx.min.css
		doc\_site\public\docfx.min.css.map = doc\_site\public\docfx.min.css.map
		doc\_site\public\docfx.min.js = doc\_site\public\docfx.min.js
		doc\_site\public\docfx.min.js.map = doc\_site\public\docfx.min.js.map
		doc\_site\public\erDiagram-dedf2781-Q2Y2LWZP.min.js = doc\_site\public\erDiagram-dedf2781-Q2Y2LWZP.min.js
		doc\_site\public\erDiagram-dedf2781-Q2Y2LWZP.min.js.map = doc\_site\public\erDiagram-dedf2781-Q2Y2LWZP.min.js.map
		doc\_site\public\es-P4FFLVA3.min.js = doc\_site\public\es-P4FFLVA3.min.js
		doc\_site\public\es-P4FFLVA3.min.js.map = doc\_site\public\es-P4FFLVA3.min.js.map
		doc\_site\public\flowchart-elk-definition-56584a6c-5O7PL47I.min.js = doc\_site\public\flowchart-elk-definition-56584a6c-5O7PL47I.min.js
		doc\_site\public\flowchart-elk-definition-56584a6c-5O7PL47I.min.js.map = doc\_site\public\flowchart-elk-definition-56584a6c-5O7PL47I.min.js.map
		doc\_site\public\flowDiagram-d6f8fe3a-AG745K43.min.js = doc\_site\public\flowDiagram-d6f8fe3a-AG745K43.min.js
		doc\_site\public\flowDiagram-d6f8fe3a-AG745K43.min.js.map = doc\_site\public\flowDiagram-d6f8fe3a-AG745K43.min.js.map
		doc\_site\public\flowDiagram-v2-58f49b84-7H5SAYF6.min.js = doc\_site\public\flowDiagram-v2-58f49b84-7H5SAYF6.min.js
		doc\_site\public\flowDiagram-v2-58f49b84-7H5SAYF6.min.js.map = doc\_site\public\flowDiagram-v2-58f49b84-7H5SAYF6.min.js.map
		doc\_site\public\ganttDiagram-088dbd90-UQKBW6OE.min.js = doc\_site\public\ganttDiagram-088dbd90-UQKBW6OE.min.js
		doc\_site\public\ganttDiagram-088dbd90-UQKBW6OE.min.js.map = doc\_site\public\ganttDiagram-088dbd90-UQKBW6OE.min.js.map
		doc\_site\public\gitGraphDiagram-e0ffc2d1-HYWTEHTB.min.js = doc\_site\public\gitGraphDiagram-e0ffc2d1-HYWTEHTB.min.js
		doc\_site\public\gitGraphDiagram-e0ffc2d1-HYWTEHTB.min.js.map = doc\_site\public\gitGraphDiagram-e0ffc2d1-HYWTEHTB.min.js.map
		doc\_site\public\infoDiagram-64895a6e-MQ2S4K2K.min.js = doc\_site\public\infoDiagram-64895a6e-MQ2S4K2K.min.js
		doc\_site\public\infoDiagram-64895a6e-MQ2S4K2K.min.js.map = doc\_site\public\infoDiagram-64895a6e-MQ2S4K2K.min.js.map
		doc\_site\public\journeyDiagram-adaa34f8-UMRA3YOL.min.js = doc\_site\public\journeyDiagram-adaa34f8-UMRA3YOL.min.js
		doc\_site\public\journeyDiagram-adaa34f8-UMRA3YOL.min.js.map = doc\_site\public\journeyDiagram-adaa34f8-UMRA3YOL.min.js.map
		doc\_site\public\main.css = doc\_site\public\main.css
		doc\_site\public\main.js = doc\_site\public\main.js
		doc\_site\public\mermaid.core-5D3S35ZG.min.js = doc\_site\public\mermaid.core-5D3S35ZG.min.js
		doc\_site\public\mermaid.core-5D3S35ZG.min.js.map = doc\_site\public\mermaid.core-5D3S35ZG.min.js.map
		doc\_site\public\mindmap-definition-57868176-RJA5CHHA.min.js = doc\_site\public\mindmap-definition-57868176-RJA5CHHA.min.js
		doc\_site\public\mindmap-definition-57868176-RJA5CHHA.min.js.map = doc\_site\public\mindmap-definition-57868176-RJA5CHHA.min.js.map
		doc\_site\public\pieDiagram-3fca7ce7-O7VT65XQ.min.js = doc\_site\public\pieDiagram-3fca7ce7-O7VT65XQ.min.js
		doc\_site\public\pieDiagram-3fca7ce7-O7VT65XQ.min.js.map = doc\_site\public\pieDiagram-3fca7ce7-O7VT65XQ.min.js.map
		doc\_site\public\quadrantDiagram-0ca4be02-B3GDMHUK.min.js = doc\_site\public\quadrantDiagram-0ca4be02-B3GDMHUK.min.js
		doc\_site\public\quadrantDiagram-0ca4be02-B3GDMHUK.min.js.map = doc\_site\public\quadrantDiagram-0ca4be02-B3GDMHUK.min.js.map
		doc\_site\public\requirementDiagram-e13af0f0-JISW5VYB.min.js = doc\_site\public\requirementDiagram-e13af0f0-JISW5VYB.min.js
		doc\_site\public\requirementDiagram-e13af0f0-JISW5VYB.min.js.map = doc\_site\public\requirementDiagram-e13af0f0-JISW5VYB.min.js.map
		doc\_site\public\sankeyDiagram-a7f8e230-TNNMDSPM.min.js = doc\_site\public\sankeyDiagram-a7f8e230-TNNMDSPM.min.js
		doc\_site\public\sankeyDiagram-a7f8e230-TNNMDSPM.min.js.map = doc\_site\public\sankeyDiagram-a7f8e230-TNNMDSPM.min.js.map
		doc\_site\public\search-worker.min.js = doc\_site\public\search-worker.min.js
		doc\_site\public\search-worker.min.js.map = doc\_site\public\search-worker.min.js.map
		doc\_site\public\sequenceDiagram-84aa38e3-KQQQ54TM.min.js = doc\_site\public\sequenceDiagram-84aa38e3-KQQQ54TM.min.js
		doc\_site\public\sequenceDiagram-84aa38e3-KQQQ54TM.min.js.map = doc\_site\public\sequenceDiagram-84aa38e3-KQQQ54TM.min.js.map
		doc\_site\public\stateDiagram-9a586ac6-6TCK5EZW.min.js = doc\_site\public\stateDiagram-9a586ac6-6TCK5EZW.min.js
		doc\_site\public\stateDiagram-9a586ac6-6TCK5EZW.min.js.map = doc\_site\public\stateDiagram-9a586ac6-6TCK5EZW.min.js.map
		doc\_site\public\stateDiagram-v2-96f2b9df-5FO6F55E.min.js = doc\_site\public\stateDiagram-v2-96f2b9df-5FO6F55E.min.js
		doc\_site\public\stateDiagram-v2-96f2b9df-5FO6F55E.min.js.map = doc\_site\public\stateDiagram-v2-96f2b9df-5FO6F55E.min.js.map
		doc\_site\public\tex-svg-full-NDFOGKDH.min.js = doc\_site\public\tex-svg-full-NDFOGKDH.min.js
		doc\_site\public\tex-svg-full-NDFOGKDH.min.js.map = doc\_site\public\tex-svg-full-NDFOGKDH.min.js.map
		doc\_site\public\timeline-definition-1a90b03d-HQU2RWXG.min.js = doc\_site\public\timeline-definition-1a90b03d-HQU2RWXG.min.js
		doc\_site\public\timeline-definition-1a90b03d-HQU2RWXG.min.js.map = doc\_site\public\timeline-definition-1a90b03d-HQU2RWXG.min.js.map
		doc\_site\search-stopwords.json = doc\_site\search-stopwords.json
		doc\_site\toc.html = doc\_site\toc.html
		doc\_site\toc.json = doc\_site\toc.json
		doc\_site\xrefmap.yml = doc\_site\xrefmap.yml
	EndProjectSection
EndProject
Global
	GlobalSection(SolutionConfigurationPlatforms) = preSolution
		Debug|Any CPU = Debug|Any CPU
		Release|Any CPU = Release|Any CPU
	EndGlobalSection
	GlobalSection(NestedProjects) = preSolution
		{86A5754B-A5CA-4AAB-A4ED-7DB032E3D109} = {9C280B71-E140-457B-B9F2-210EA20135EF}
		{C00F51A2-F76F-4E24-9229-A86D1FC70C2A} = {0C259FF1-3884-479F-8BFE-493E917C361A}
		{6C444531-2B85-4484-80D8-4906AFF6DFA8} = {0C259FF1-3884-479F-8BFE-493E917C361A}
		{A5970E02-878A-4929-BF60-C9F6E6A1B6EE} = {9C280B71-E140-457B-B9F2-210EA20135EF}
		{857E9E2C-156D-42F7-BA0E-F3E0ABE36C55} = {9C280B71-E140-457B-B9F2-210EA20135EF}
	EndGlobalSection
	GlobalSection(ProjectConfigurationPlatforms) = postSolution
		{86A5754B-A5CA-4AAB-A4ED-7DB032E3D109}.Debug|Any CPU.ActiveCfg = Debug|Any CPU
		{86A5754B-A5CA-4AAB-A4ED-7DB032E3D109}.Debug|Any CPU.Build.0 = Debug|Any CPU
		{86A5754B-A5CA-4AAB-A4ED-7DB032E3D109}.Release|Any CPU.ActiveCfg = Release|Any CPU
		{86A5754B-A5CA-4AAB-A4ED-7DB032E3D109}.Release|Any CPU.Build.0 = Release|Any CPU
		{C00F51A2-F76F-4E24-9229-A86D1FC70C2A}.Debug|Any CPU.ActiveCfg = Debug|Any CPU
		{C00F51A2-F76F-4E24-9229-A86D1FC70C2A}.Debug|Any CPU.Build.0 = Debug|Any CPU
		{C00F51A2-F76F-4E24-9229-A86D1FC70C2A}.Release|Any CPU.ActiveCfg = Release|Any CPU
		{C00F51A2-F76F-4E24-9229-A86D1FC70C2A}.Release|Any CPU.Build.0 = Release|Any CPU
		{6C444531-2B85-4484-80D8-4906AFF6DFA8}.Debug|Any CPU.ActiveCfg = Debug|Any CPU
		{6C444531-2B85-4484-80D8-4906AFF6DFA8}.Debug|Any CPU.Build.0 = Debug|Any CPU
		{6C444531-2B85-4484-80D8-4906AFF6DFA8}.Release|Any CPU.ActiveCfg = Release|Any CPU
		{6C444531-2B85-4484-80D8-4906AFF6DFA8}.Release|Any CPU.Build.0 = Release|Any CPU
		{A5970E02-878A-4929-BF60-C9F6E6A1B6EE}.Debug|Any CPU.ActiveCfg = Debug|Any CPU
		{A5970E02-878A-4929-BF60-C9F6E6A1B6EE}.Debug|Any CPU.Build.0 = Debug|Any CPU
		{A5970E02-878A-4929-BF60-C9F6E6A1B6EE}.Release|Any CPU.ActiveCfg = Release|Any CPU
		{A5970E02-878A-4929-BF60-C9F6E6A1B6EE}.Release|Any CPU.Build.0 = Release|Any CPU
		{857E9E2C-156D-42F7-BA0E-F3E0ABE36C55}.Debug|Any CPU.ActiveCfg = Debug|Any CPU
		{857E9E2C-156D-42F7-BA0E-F3E0ABE36C55}.Debug|Any CPU.Build.0 = Debug|Any CPU
		{857E9E2C-156D-42F7-BA0E-F3E0ABE36C55}.Release|Any CPU.ActiveCfg = Release|Any CPU
		{857E9E2C-156D-42F7-BA0E-F3E0ABE36C55}.Release|Any CPU.Build.0 = Release|Any CPU
	EndGlobalSection
EndGlobal
