
Microsoft Visual Studio Solution File, Format Version 12.00
Project("{FAE04EC0-301F-11D3-BF4B-00C04F79EFBC}") = "Lensophy", "Lensophy\Lensophy.csproj", "{25C8F039-58A6-40AC-AE36-6CEB8F016C79}"
EndProject
Project("{2150E333-8FDC-42A3-9474-1A3956D46DE8}") = "src", "src", "{02372D72-219A-4EC3-A845-840F1483B94A}"
EndProject
Project("{2150E333-8FDC-42A3-9474-1A3956D46DE8}") = "test", "test", "{D656561A-D0CA-475B-88DD-E35C71AFCA32}"
EndProject
Project("{FAE04EC0-301F-11D3-BF4B-00C04F79EFBC}") = "Lensophy.UnitTest", "..\test\Lensophy.UnitTest\Lensophy.UnitTest.csproj", "{9A4162DE-9420-4B4C-8D70-8CD34F9D56EB}"
EndProject
Project("{FAE04EC0-301F-11D3-BF4B-00C04F79EFBC}") = "Lensophy.Domain", "Lensophy.Domain\Lensophy.Domain.csproj", "{90C4F5AE-8AF3-4228-8294-2DED4CCEFB0E}"
EndProject
Global
	GlobalSection(SolutionConfigurationPlatforms) = preSolution
		Debug|Any CPU = Debug|Any CPU
		Release|Any CPU = Release|Any CPU
	EndGlobalSection
	GlobalSection(ProjectConfigurationPlatforms) = postSolution
		{25C8F039-58A6-40AC-AE36-6CEB8F016C79}.Debug|Any CPU.ActiveCfg = Debug|Any CPU
		{25C8F039-58A6-40AC-AE36-6CEB8F016C79}.Debug|Any CPU.Build.0 = Debug|Any CPU
		{25C8F039-58A6-40AC-AE36-6CEB8F016C79}.Release|Any CPU.ActiveCfg = Release|Any CPU
		{25C8F039-58A6-40AC-AE36-6CEB8F016C79}.Release|Any CPU.Build.0 = Release|Any CPU
		{9A4162DE-9420-4B4C-8D70-8CD34F9D56EB}.Debug|Any CPU.ActiveCfg = Debug|Any CPU
		{9A4162DE-9420-4B4C-8D70-8CD34F9D56EB}.Debug|Any CPU.Build.0 = Debug|Any CPU
		{9A4162DE-9420-4B4C-8D70-8CD34F9D56EB}.Release|Any CPU.ActiveCfg = Release|Any CPU
		{9A4162DE-9420-4B4C-8D70-8CD34F9D56EB}.Release|Any CPU.Build.0 = Release|Any CPU
		{90C4F5AE-8AF3-4228-8294-2DED4CCEFB0E}.Debug|Any CPU.ActiveCfg = Debug|Any CPU
		{90C4F5AE-8AF3-4228-8294-2DED4CCEFB0E}.Debug|Any CPU.Build.0 = Debug|Any CPU
		{90C4F5AE-8AF3-4228-8294-2DED4CCEFB0E}.Release|Any CPU.ActiveCfg = Release|Any CPU
		{90C4F5AE-8AF3-4228-8294-2DED4CCEFB0E}.Release|Any CPU.Build.0 = Release|Any CPU
	EndGlobalSection
	GlobalSection(NestedProjects) = preSolution
		{25C8F039-58A6-40AC-AE36-6CEB8F016C79} = {02372D72-219A-4EC3-A845-840F1483B94A}
		{9A4162DE-9420-4B4C-8D70-8CD34F9D56EB} = {D656561A-D0CA-475B-88DD-E35C71AFCA32}
		{90C4F5AE-8AF3-4228-8294-2DED4CCEFB0E} = {02372D72-219A-4EC3-A845-840F1483B94A}
	EndGlobalSection
EndGlobal
